{
  "pins" : [
    {
      "identity" : "swoir",
      "kind" : "remoteSourceControl",
      "location" : "https://github.com/madztheo/Swoir",
      "state" : {
        "branch" : "main",
        "revision" : "4488027386f35c1527a5ca72c8546ce1296c3d33"
      }
    },
    {
      "identity" : "swoircore",
      "kind" : "remoteSourceControl",
      "location" : "https://github.com/madztheo/SwoirCore.git",
      "state" : {
        "revision" : "ae2dee39b1d8e578f1d1bd7294ee79a61fb5a890",
        "version" : "0.2.0"
      }
    },
    {
      "identity" : "swoirenberg",
      "kind" : "remoteSourceControl",
      "location" : "https://github.com/madztheo/Swoirenberg.git",
      "state" : {
        "revision" : "7659eaf1b931a590a035da313a53b695e2315c05",
        "version" : "0.30.0-6"
      }
    }
  ],
  "version" : 2
}
