{
  "originHash" : "6a02a6d513adbc3ecf9f21fbb550206998ba21c38f24d4a06538dd514b5b0e1f",
  "pins" : [
    {
      "identity" : "swoir",
      "kind" : "remoteSourceControl",
      "location" : "https://github.com/Swoir/Swoir",
      "state" : {
        "revision" : "a1a4dfc8dc336c211797db1f8dc9632ae85387cc",
        "version" : "1.0.0-beta.7-2"
      }
    },
    {
      "identity" : "swoircore",
      "kind" : "remoteSourceControl",
      "location" : "https://github.com/Swoir/SwoirCore.git",
      "state" : {
        "revision" : "35ce7e734bedca50b4266a0e9a64f57187891c46",
        "version" : "0.9.0"
      }
    },
    {
      "identity" : "swoirenberg",
      "kind" : "remoteSourceControl",
      "location" : "https://github.com/Swoir/Swoirenberg.git",
      "state" : {
        "revision" : "b41c74cb2e885caaeb59e3669bc373908cbc6dc6",
        "version" : "1.0.0-beta.7-2"
      }
    }
  ],
  "version" : 3
}
