{
  "originHash" : "138a6caf6398d1917e553f5a229794ccaff106543c567153b19b39221e012961",
  "pins" : [
    {
      "identity" : "swoir",
      "kind" : "remoteSourceControl",
      "location" : "https://github.com/madztheo/Swoir",
      "state" : {
        "revision" : "9abffc4e00f3a255e18663567eff76bb16fe1927",
        "version" : "0.30.0-8"
      }
    },
    {
      "identity" : "swoircore",
      "kind" : "remoteSourceControl",
      "location" : "https://github.com/madztheo/SwoirCore.git",
      "state" : {
        "revision" : "37088954afd7751bcd663790f46b5ac565dd787f",
        "version" : "0.4.0"
      }
    },
    {
      "identity" : "swoirenberg",
      "kind" : "remoteSourceControl",
      "location" : "https://github.com/madztheo/Swoirenberg.git",
      "state" : {
        "revision" : "49e86f7c04605335e72a5b717fd5bc04e5265928",
        "version" : "0.30.0-8"
      }
    }
  ],
  "version" : 3
}
